version = 1
revision = 3
requires-python = "==3.12.*"

[[package]]
name = "asgiref"
version = "3.11.1"
source = { registry = "https://pypi.org/simple" }
sdist = { url = "https://files.pythonhosted.org/packages/63/40/f03da1264ae8f7cfdbf9146542e5e7e8100a4c66ab48e791df9a03d3f6c0/asgiref-3.11.1.tar.gz", hash = "sha256:5f184dc43b7e763efe848065441eac62229c9f7b0475f41f80e207a114eda4ce", size = 38550, upload-time = "2026-02-03T13:30:14.33Z" }
wheels = [
    { url = "https://files.pythonhosted.org/packages/5c/0a/a72d10ed65068e115044937873362e6e32fab1b7dce0046aeb224682c989/asgiref-3.11.1-py3-none-any.whl", hash = "sha256:e8667a091e69529631969fd45dc268fa79b99c92c5fcdda727757e52146ec133", size = 24345, upload-time = "2026-02-03T13:30:13.039Z" },
]

[[package]]
name = "cfgv"
version = "3.5.0"
source = { registry = "https://pypi.org/simple" }
sdist = { url = "https://files.pythonhosted.org/packages/4e/b5/721b8799b04bf9afe054a3899c6cf4e880fcf8563cc71c15610242490a0c/cfgv-3.5.0.tar.gz", hash = "sha256:d5b1034354820651caa73ede66a6294d6e95c1b00acc5e9b098e917404669132", size = 7334, upload-time = "2025-11-19T20:55:51.612Z" }
wheels = [
    { url = "https://files.pythonhosted.org/packages/db/3c/33bac158f8ab7f89b2e59426d5fe2e4f63f7ed25df84c036890172b412b5/cfgv-3.5.0-py2.py3-none-any.whl", hash = "sha256:a8dc6b26ad22ff227d2634a65cb388215ce6cc96bbcc5cfde7641ae87e8dacc0", size = 7445, upload-time = "2025-11-19T20:55:50.744Z" },
]

[[package]]
name = "distlib"
version = "0.4.0"
source = { registry = "https://pypi.org/simple" }
sdist = { url = "https://files.pythonhosted.org/packages/96/8e/709914eb2b5749865801041647dc7f4e6d00b549cfe88b65ca192995f07c/distlib-0.4.0.tar.gz", hash = "sha256:feec40075be03a04501a973d81f633735b4b69f98b05450592310c0f401a4e0d", size = 614605, upload-time = "2025-07-17T16:52:00.465Z" }
wheels = [
    { url = "https://files.pythonhosted.org/packages/33/6b/e0547afaf41bf2c42e52430072fa5658766e3d65bd4b03a563d1b6336f57/distlib-0.4.0-py2.py3-none-any.whl", hash = "sha256:9659f7d87e46584a30b5780e43ac7a2143098441670ff0a49d5f9034c54a6c16", size = 469047, upload-time = "2025-07-17T16:51:58.613Z" },
]

[[package]]
name = "django"
version = "5.2.13"
source = { registry = "https://pypi.org/simple" }
dependencies = [
    { name = "asgiref" },
    { name = "sqlparse" },
    { name = "tzdata", marker = "sys_platform == 'win32'" },
]
sdist = { url = "https://files.pythonhosted.org/packages/1f/c5/c69e338eb2959f641045802e5ea87ca4bf5ac90c5fd08953ca10742fad51/django-5.2.13.tar.gz", hash = "sha256:a31589db5188d074c63f0945c3888fad104627dfcc236fb2b97f71f89da33bc4", size = 10890368, upload-time = "2026-04-07T14:02:15.072Z" }
wheels = [
    { url = "https://files.pythonhosted.org/packages/59/b1/51ab36b2eefcf8cdb9338c7188668a157e29e30306bfc98a379704c9e10d/django-5.2.13-py3-none-any.whl", hash = "sha256:5788fce61da23788a8ce6f02583765ab060d396720924789f97fa42119d37f7a", size = 8310982, upload-time = "2026-04-07T14:02:08.883Z" },
]

[[package]]
name = "django-recaptcha"
version = "4.1.0"
source = { registry = "https://pypi.org/simple" }
dependencies = [
    { name = "django" },
]
sdist = { url = "https://files.pythonhosted.org/packages/bd/a2/480cd2df8031c30afe0d67b0a5e6299ced20f2e65135a3c160c4031d7052/django_recaptcha-4.1.0.tar.gz", hash = "sha256:73097b958733f65b729d4e4630c51fc2bf147aca6f026017d18898dfc25cb4c5", size = 28676, upload-time = "2025-03-28T13:52:26.589Z" }
wheels = [
    { url = "https://files.pythonhosted.org/packages/8b/e7/0765f98e4953e26573512284995648c439b0eb252877b655683d28c90be2/django_recaptcha-4.1.0-py3-none-any.whl", hash = "sha256:463aa65967e973de466b28ce8e8b6abb2faffb1ce0c7faa1bf0e5b041e0497cb", size = 39473, upload-time = "2025-03-28T13:52:24.92Z" },
]

[[package]]
name = "filelock"
version = "3.28.0"
source = { registry = "https://pypi.org/simple" }
sdist = { url = "https://files.pythonhosted.org/packages/d6/17/6e8890271880903e3538660a21d63a6c1fea969ac71d0d6b608b78727fa9/filelock-3.28.0.tar.gz", hash = "sha256:4ed1010aae813c4ee8d9c660e4792475ee60c4a0ba76073ceaf862bd317e3ca6", size = 56474, upload-time = "2026-04-14T22:54:33.625Z" }
wheels = [
    { url = "https://files.pythonhosted.org/packages/3b/21/2f728888c45033d34a417bfcd248ea2564c9e08ab1bfd301377cf05d5586/filelock-3.28.0-py3-none-any.whl", hash = "sha256:de9af6712788e7171df1b28b15eba2446c69721433fa427a9bee07b17820a9db", size = 39189, upload-time = "2026-04-14T22:54:32.037Z" },
]

[[package]]
name = "gunicorn"
version = "23.0.0"
source = { registry = "https://pypi.org/simple" }
dependencies = [
    { name = "packaging" },
]
sdist = { url = "https://files.pythonhosted.org/packages/34/72/9614c465dc206155d93eff0ca20d42e1e35afc533971379482de953521a4/gunicorn-23.0.0.tar.gz", hash = "sha256:f014447a0101dc57e294f6c18ca6b40227a4c90e9bdb586042628030cba004ec", size = 375031, upload-time = "2024-08-10T20:25:27.378Z" }
wheels = [
    { url = "https://files.pythonhosted.org/packages/cb/7d/6dac2a6e1eba33ee43f318edbed4ff29151a49b5d37f080aad1e6469bca4/gunicorn-23.0.0-py3-none-any.whl", hash = "sha256:ec400d38950de4dfd418cff8328b2c8faed0edb0d517d3394e457c317908ca4d", size = 85029, upload-time = "2024-08-10T20:25:24.996Z" },
]

[[package]]
name = "identify"
version = "2.6.18"
source = { registry = "https://pypi.org/simple" }
sdist = { url = "https://files.pythonhosted.org/packages/46/c4/7fb4db12296cdb11893d61c92048fe617ee853f8523b9b296ac03b43757e/identify-2.6.18.tar.gz", hash = "sha256:873ac56a5e3fd63e7438a7ecbc4d91aca692eb3fefa4534db2b7913f3fc352fd", size = 99580, upload-time = "2026-03-15T18:39:50.319Z" }
wheels = [
    { url = "https://files.pythonhosted.org/packages/46/33/92ef41c6fad0233e41d3d84ba8e8ad18d1780f1e5d99b3c683e6d7f98b63/identify-2.6.18-py2.py3-none-any.whl", hash = "sha256:8db9d3c8ea9079db92cafb0ebf97abdc09d52e97f4dcf773a2e694048b7cd737", size = 99394, upload-time = "2026-03-15T18:39:48.915Z" },
]

[[package]]
name = "nodeenv"
version = "1.10.0"
source = { registry = "https://pypi.org/simple" }
sdist = { url = "https://files.pythonhosted.org/packages/24/bf/d1bda4f6168e0b2e9e5958945e01910052158313224ada5ce1fb2e1113b8/nodeenv-1.10.0.tar.gz", hash = "sha256:996c191ad80897d076bdfba80a41994c2b47c68e224c542b48feba42ba00f8bb", size = 55611, upload-time = "2025-12-20T14:08:54.006Z" }
wheels = [
    { url = "https://files.pythonhosted.org/packages/88/b2/d0896bdcdc8d28a7fc5717c305f1a861c26e18c05047949fb371034d98bd/nodeenv-1.10.0-py2.py3-none-any.whl", hash = "sha256:5bb13e3eed2923615535339b3c620e76779af4cb4c6a90deccc9e36b274d3827", size = 23438, upload-time = "2025-12-20T14:08:52.782Z" },
]

[[package]]
name = "packaging"
version = "26.1"
source = { registry = "https://pypi.org/simple" }
sdist = { url = "https://files.pythonhosted.org/packages/df/de/0d2b39fb4af88a0258f3bac87dfcbb48e73fbdea4a2ed0e2213f9a4c2f9a/packaging-26.1.tar.gz", hash = "sha256:f042152b681c4bfac5cae2742a55e103d27ab2ec0f3d88037136b6bfe7c9c5de", size = 215519, upload-time = "2026-04-14T21:12:49.362Z" }
wheels = [
    { url = "https://files.pythonhosted.org/packages/7a/c2/920ef838e2f0028c8262f16101ec09ebd5969864e5a64c4c05fad0617c56/packaging-26.1-py3-none-any.whl", hash = "sha256:5d9c0669c6285e491e0ced2eee587eaf67b670d94a19e94e3984a481aba6802f", size = 95831, upload-time = "2026-04-14T21:12:47.56Z" },
]

[[package]]
name = "platformdirs"
version = "4.9.6"
source = { registry = "https://pypi.org/simple" }
sdist = { url = "https://files.pythonhosted.org/packages/9f/4a/0883b8e3802965322523f0b200ecf33d31f10991d0401162f4b23c698b42/platformdirs-4.9.6.tar.gz", hash = "sha256:3bfa75b0ad0db84096ae777218481852c0ebc6c727b3168c1b9e0118e458cf0a", size = 29400, upload-time = "2026-04-09T00:04:10.812Z" }
wheels = [
    { url = "https://files.pythonhosted.org/packages/75/a6/a0a304dc33b49145b21f4808d763822111e67d1c3a32b524a1baf947b6e1/platformdirs-4.9.6-py3-none-any.whl", hash = "sha256:e61adb1d5e5cb3441b4b7710bea7e4c12250ca49439228cc1021c00dcfac0917", size = 21348, upload-time = "2026-04-09T00:04:09.463Z" },
]

[[package]]
name = "portfolio"
version = "0.2.0"
source = { virtual = "." }
dependencies = [
    { name = "django" },
    { name = "django-recaptcha" },
    { name = "gunicorn" },
    { name = "psycopg2-binary" },
    { name = "python-dotenv" },
    { name = "ruff" },
]

[package.dev-dependencies]
dev = [
    { name = "pre-commit" },
    { name = "ruff" },
]

[package.metadata]
requires-dist = [
    { name = "django", specifier = ">=5.1.0,<6" },
    { name = "django-recaptcha", specifier = ">=4.0.0,<5" },
    { name = "gunicorn", specifier = ">=23.0.0,<24" },
    { name = "psycopg2-binary", specifier = ">=2.9.9,<3" },
    { name = "python-dotenv", specifier = ">=1.0.1,<2" },
    { name = "ruff", specifier = ">=0.15.11,<1" },
]

[package.metadata.requires-dev]
dev = [
    { name = "pre-commit", specifier = ">=3.8.0,<4" },
    { name = "ruff", specifier = ">=0.15.11,<1" },
]

[[package]]
name = "pre-commit"
version = "3.8.0"
source = { registry = "https://pypi.org/simple" }
dependencies = [
    { name = "cfgv" },
    { name = "identify" },
    { name = "nodeenv" },
    { name = "pyyaml" },
    { name = "virtualenv" },
]
sdist = { url = "https://files.pythonhosted.org/packages/64/10/97ee2fa54dff1e9da9badbc5e35d0bbaef0776271ea5907eccf64140f72f/pre_commit-3.8.0.tar.gz", hash = "sha256:8bb6494d4a20423842e198980c9ecf9f96607a07ea29549e180eef9ae80fe7af", size = 177815, upload-time = "2024-07-28T19:59:01.538Z" }
wheels = [
    { url = "https://files.pythonhosted.org/packages/07/92/caae8c86e94681b42c246f0bca35c059a2f0529e5b92619f6aba4cf7e7b6/pre_commit-3.8.0-py2.py3-none-any.whl", hash = "sha256:9a90a53bf82fdd8778d58085faf8d83df56e40dfe18f45b19446e26bf1b3a63f", size = 204643, upload-time = "2024-07-28T19:58:59.335Z" },
]

[[package]]
name = "psycopg2-binary"
version = "2.9.11"
source = { registry = "https://pypi.org/simple" }
sdist = { url = "https://files.pythonhosted.org/packages/ac/6c/8767aaa597ba424643dc87348c6f1754dd9f48e80fdc1b9f7ca5c3a7c213/psycopg2-binary-2.9.11.tar.gz", hash = "sha256:b6aed9e096bf63f9e75edf2581aa9a7e7186d97ab5c177aa6c87797cd591236c", size = 379620, upload-time = "2025-10-10T11:14:48.041Z" }
wheels = [
    { url = "https://files.pythonhosted.org/packages/d8/91/f870a02f51be4a65987b45a7de4c2e1897dd0d01051e2b559a38fa634e3e/psycopg2_binary-2.9.11-cp312-cp312-macosx_10_13_x86_64.whl", hash = "sha256:be9b840ac0525a283a96b556616f5b4820e0526addb8dcf6525a0fa162730be4", size = 3756603, upload-time = "2025-10-10T11:11:52.213Z" },
    { url = "https://files.pythonhosted.org/packages/27/fa/cae40e06849b6c9a95eb5c04d419942f00d9eaac8d81626107461e268821/psycopg2_binary-2.9.11-cp312-cp312-macosx_11_0_arm64.whl", hash = "sha256:f090b7ddd13ca842ebfe301cd587a76a4cf0913b1e429eb92c1be5dbeb1a19bc", size = 3864509, upload-time = "2025-10-10T11:11:56.452Z" },
    { url = "https://files.pythonhosted.org/packages/2d/75/364847b879eb630b3ac8293798e380e441a957c53657995053c5ec39a316/psycopg2_binary-2.9.11-cp312-cp312-manylinux2014_aarch64.manylinux_2_17_aarch64.whl", hash = "sha256:ab8905b5dcb05bf3fb22e0cf90e10f469563486ffb6a96569e51f897c750a76a", size = 4411159, upload-time = "2025-10-10T11:12:00.49Z" },
    { url = "https://files.pythonhosted.org/packages/6f/a0/567f7ea38b6e1c62aafd58375665a547c00c608a471620c0edc364733e13/psycopg2_binary-2.9.11-cp312-cp312-manylinux2014_ppc64le.manylinux_2_17_ppc64le.whl", hash = "sha256:bf940cd7e7fec19181fdbc29d76911741153d51cab52e5c21165f3262125685e", size = 4468234, upload-time = "2025-10-10T11:12:04.892Z" },
    { url = "https://files.pythonhosted.org/packages/30/da/4e42788fb811bbbfd7b7f045570c062f49e350e1d1f3df056c3fb5763353/psycopg2_binary-2.9.11-cp312-cp312-manylinux2014_x86_64.manylinux_2_17_x86_64.whl", hash = "sha256:fa0f693d3c68ae925966f0b14b8edda71696608039f4ed61b1fe9ffa468d16db", size = 4166236, upload-time = "2025-10-10T11:12:11.674Z" },
    { url = "https://files.pythonhosted.org/packages/3c/94/c1777c355bc560992af848d98216148be5f1be001af06e06fc49cbded578/psycopg2_binary-2.9.11-cp312-cp312-manylinux_2_38_riscv64.manylinux_2_39_riscv64.whl", hash = "sha256:a1cf393f1cdaf6a9b57c0a719a1068ba1069f022a59b8b1fe44b006745b59757", size = 3983083, upload-time = "2025-10-30T02:55:15.73Z" },
    { url = "https://files.pythonhosted.org/packages/bd/42/c9a21edf0e3daa7825ed04a4a8588686c6c14904344344a039556d78aa58/psycopg2_binary-2.9.11-cp312-cp312-musllinux_1_2_aarch64.whl", hash = "sha256:ef7a6beb4beaa62f88592ccc65df20328029d721db309cb3250b0aae0fa146c3", size = 3652281, upload-time = "2025-10-10T11:12:17.713Z" },
    { url = "https://files.pythonhosted.org/packages/12/22/dedfbcfa97917982301496b6b5e5e6c5531d1f35dd2b488b08d1ebc52482/psycopg2_binary-2.9.11-cp312-cp312-musllinux_1_2_ppc64le.whl", hash = "sha256:31b32c457a6025e74d233957cc9736742ac5a6cb196c6b68499f6bb51390bd6a", size = 3298010, upload-time = "2025-10-10T11:12:22.671Z" },
    { url = "https://files.pythonhosted.org/packages/66/ea/d3390e6696276078bd01b2ece417deac954dfdd552d2edc3d03204416c0c/psycopg2_binary-2.9.11-cp312-cp312-musllinux_1_2_riscv64.whl", hash = "sha256:edcb3aeb11cb4bf13a2af3c53a15b3d612edeb6409047ea0b5d6a21a9d744b34", size = 3044641, upload-time = "2025-10-30T02:55:19.929Z" },
    { url = "https://files.pythonhosted.org/packages/12/9a/0402ded6cbd321da0c0ba7d34dc12b29b14f5764c2fc10750daa38e825fc/psycopg2_binary-2.9.11-cp312-cp312-musllinux_1_2_x86_64.whl", hash = "sha256:62b6d93d7c0b61a1dd6197d208ab613eb7dcfdcca0a49c42ceb082257991de9d", size = 3347940, upload-time = "2025-10-10T11:12:26.529Z" },
    { url = "https://files.pythonhosted.org/packages/b1/d2/99b55e85832ccde77b211738ff3925a5d73ad183c0b37bcbbe5a8ff04978/psycopg2_binary-2.9.11-cp312-cp312-win_amd64.whl", hash = "sha256:b33fabeb1fde21180479b2d4667e994de7bbf0eec22832ba5d9b5e4cf65b6c6d", size = 2714147, upload-time = "2025-10-10T11:12:29.535Z" },
]

[[package]]
name = "python-discovery"
version = "1.2.2"
source = { registry = "https://pypi.org/simple" }
dependencies = [
    { name = "filelock" },
    { name = "platformdirs" },
]
sdist = { url = "https://files.pythonhosted.org/packages/de/ef/3bae0e537cfe91e8431efcba4434463d2c5a65f5a89edd47c6cf2f03c55f/python_discovery-1.2.2.tar.gz", hash = "sha256:876e9c57139eb757cb5878cbdd9ae5379e5d96266c99ef731119e04fffe533bb", size = 58872, upload-time = "2026-04-07T17:28:49.249Z" }
wheels = [
    { url = "https://files.pythonhosted.org/packages/d8/db/795879cc3ddfe338599bddea6388cc5100b088db0a4caf6e6c1af1c27e04/python_discovery-1.2.2-py3-none-any.whl", hash = "sha256:e1ae95d9af875e78f15e19aed0c6137ab1bb49c200f21f5061786490c9585c7a", size = 31894, upload-time = "2026-04-07T17:28:48.09Z" },
]

[[package]]
name = "python-dotenv"
version = "1.2.2"
source = { registry = "https://pypi.org/simple" }
sdist = { url = "https://files.pythonhosted.org/packages/82/ed/0301aeeac3e5353ef3d94b6ec08bbcabd04a72018415dcb29e588514bba8/python_dotenv-1.2.2.tar.gz", hash = "sha256:2c371a91fbd7ba082c2c1dc1f8bf89ca22564a087c2c287cd9b662adde799cf3", size = 50135, upload-time = "2026-03-01T16:00:26.196Z" }
wheels = [
    { url = "https://files.pythonhosted.org/packages/0b/d7/1959b9648791274998a9c3526f6d0ec8fd2233e4d4acce81bbae76b44b2a/python_dotenv-1.2.2-py3-none-any.whl", hash = "sha256:1d8214789a24de455a8b8bd8ae6fe3c6b69a5e3d64aa8a8e5d68e694bbcb285a", size = 22101, upload-time = "2026-03-01T16:00:25.09Z" },
]

[[package]]
name = "pyyaml"
version = "6.0.3"
source = { registry = "https://pypi.org/simple" }
sdist = { url = "https://files.pythonhosted.org/packages/05/8e/961c0007c59b8dd7729d542c61a4d537767a59645b82a0b521206e1e25c2/pyyaml-6.0.3.tar.gz", hash = "sha256:d76623373421df22fb4cf8817020cbb7ef15c725b9d5e45f17e189bfc384190f", size = 130960, upload-time = "2025-09-25T21:33:16.546Z" }
wheels = [
    { url = "https://files.pythonhosted.org/packages/d1/33/422b98d2195232ca1826284a76852ad5a86fe23e31b009c9886b2d0fb8b2/pyyaml-6.0.3-cp312-cp312-macosx_10_13_x86_64.whl", hash = "sha256:7f047e29dcae44602496db43be01ad42fc6f1cc0d8cd6c83d342306c32270196", size = 182063, upload-time = "2025-09-25T21:32:11.445Z" },
    { url = "https://files.pythonhosted.org/packages/89/a0/6cf41a19a1f2f3feab0e9c0b74134aa2ce6849093d5517a0c550fe37a648/pyyaml-6.0.3-cp312-cp312-macosx_11_0_arm64.whl", hash = "sha256:fc09d0aa354569bc501d4e787133afc08552722d3ab34836a80547331bb5d4a0", size = 173973, upload-time = "2025-09-25T21:32:12.492Z" },
    { url = "https://files.pythonhosted.org/packages/ed/23/7a778b6bd0b9a8039df8b1b1d80e2e2ad78aa04171592c8a5c43a56a6af4/pyyaml-6.0.3-cp312-cp312-manylinux2014_aarch64.manylinux_2_17_aarch64.manylinux_2_28_aarch64.whl", hash = "sha256:9149cad251584d5fb4981be1ecde53a1ca46c891a79788c0df828d2f166bda28", size = 775116, upload-time = "2025-09-25T21:32:13.652Z" },
    { url = "https://files.pythonhosted.org/packages/65/30/d7353c338e12baef4ecc1b09e877c1970bd3382789c159b4f89d6a70dc09/pyyaml-6.0.3-cp312-cp312-manylinux2014_s390x.manylinux_2_17_s390x.manylinux_2_28_s390x.whl", hash = "sha256:5fdec68f91a0c6739b380c83b951e2c72ac0197ace422360e6d5a959d8d97b2c", size = 844011, upload-time = "2025-09-25T21:32:15.21Z" },
    { url = "https://files.pythonhosted.org/packages/8b/9d/b3589d3877982d4f2329302ef98a8026e7f4443c765c46cfecc8858c6b4b/pyyaml-6.0.3-cp312-cp312-manylinux2014_x86_64.manylinux_2_17_x86_64.manylinux_2_28_x86_64.whl", hash = "sha256:ba1cc08a7ccde2d2ec775841541641e4548226580ab850948cbfda66a1befcdc", size = 807870, upload-time = "2025-09-25T21:32:16.431Z" },
    { url = "https://files.pythonhosted.org/packages/05/c0/b3be26a015601b822b97d9149ff8cb5ead58c66f981e04fedf4e762f4bd4/pyyaml-6.0.3-cp312-cp312-musllinux_1_2_aarch64.whl", hash = "sha256:8dc52c23056b9ddd46818a57b78404882310fb473d63f17b07d5c40421e47f8e", size = 761089, upload-time = "2025-09-25T21:32:17.56Z" },
    { url = "https://files.pythonhosted.org/packages/be/8e/98435a21d1d4b46590d5459a22d88128103f8da4c2d4cb8f14f2a96504e1/pyyaml-6.0.3-cp312-cp312-musllinux_1_2_x86_64.whl", hash = "sha256:41715c910c881bc081f1e8872880d3c650acf13dfa8214bad49ed4cede7c34ea", size = 790181, upload-time = "2025-09-25T21:32:18.834Z" },
    { url = "https://files.pythonhosted.org/packages/74/93/7baea19427dcfbe1e5a372d81473250b379f04b1bd3c4c5ff825e2327202/pyyaml-6.0.3-cp312-cp312-win32.whl", hash = "sha256:96b533f0e99f6579b3d4d4995707cf36df9100d67e0c8303a0c55b27b5f99bc5", size = 137658, upload-time = "2025-09-25T21:32:20.209Z" },
    { url = "https://files.pythonhosted.org/packages/86/bf/899e81e4cce32febab4fb42bb97dcdf66bc135272882d1987881a4b519e9/pyyaml-6.0.3-cp312-cp312-win_amd64.whl", hash = "sha256:5fcd34e47f6e0b794d17de1b4ff496c00986e1c83f7ab2fb8fcfe9616ff7477b", size = 154003, upload-time = "2025-09-25T21:32:21.167Z" },
    { url = "https://files.pythonhosted.org/packages/1a/08/67bd04656199bbb51dbed1439b7f27601dfb576fb864099c7ef0c3e55531/pyyaml-6.0.3-cp312-cp312-win_arm64.whl", hash = "sha256:64386e5e707d03a7e172c0701abfb7e10f0fb753ee1d773128192742712a98fd", size = 140344, upload-time = "2025-09-25T21:32:22.617Z" },
]

[[package]]
name = "ruff"
version = "0.15.11"
source = { registry = "https://pypi.org/simple" }
sdist = { url = "https://files.pythonhosted.org/packages/e4/8d/192f3d7103816158dfd5ea50d098ef2aec19194e6cbccd4b3485bdb2eb2d/ruff-0.15.11.tar.gz", hash = "sha256:f092b21708bf0e7437ce9ada249dfe688ff9a0954fc94abab05dcea7dcd29c33", size = 4637264, upload-time = "2026-04-16T18:46:26.58Z" }
wheels = [
    { url = "https://files.pythonhosted.org/packages/02/1e/6aca3427f751295ab011828e15e9bf452200ac74484f1db4be0197b8170b/ruff-0.15.11-py3-none-linux_armv6l.whl", hash = "sha256:e927cfff503135c558eb581a0c9792264aae9507904eb27809cdcff2f2c847b7", size = 10607943, upload-time = "2026-04-16T18:46:05.967Z" },
    { url = "https://files.pythonhosted.org/packages/e7/26/1341c262e74f36d4e84f3d6f4df0ac68cd53331a66bfc5080daa17c84c0b/ruff-0.15.11-py3-none-macosx_10_12_x86_64.whl", hash = "sha256:7a1b5b2938d8f890b76084d4fa843604d787a912541eae85fd7e233398bbb73e", size = 10988592, upload-time = "2026-04-16T18:46:00.742Z" },
    { url = "https://files.pythonhosted.org/packages/03/71/850b1d6ffa9564fbb6740429bad53df1094082fe515c8c1e74b6d8d05f18/ruff-0.15.11-py3-none-macosx_11_0_arm64.whl", hash = "sha256:d4176f3d194afbdaee6e41b9ccb1a2c287dba8700047df474abfbe773825d1cb", size = 10338501, upload-time = "2026-04-16T18:46:03.723Z" },
    { url = "https://files.pythonhosted.org/packages/f2/11/cc1284d3e298c45a817a6aadb6c3e1d70b45c9b36d8d9cce3387b495a03a/ruff-0.15.11-py3-none-manylinux_2_17_aarch64.manylinux2014_aarch64.whl", hash = "sha256:3b17c886fb88203ced3afe7f14e8d5ae96e9d2f4ccc0ee66aa19f2c2675a27e4", size = 10670693, upload-time = "2026-04-16T18:46:41.941Z" },
    { url = "https://files.pythonhosted.org/packages/ce/9e/f8288b034ab72b371513c13f9a41d9ba3effac54e24bfb467b007daee2ca/ruff-0.15.11-py3-none-manylinux_2_17_armv7l.manylinux2014_armv7l.whl", hash = "sha256:49fafa220220afe7758a487b048de4c8f9f767f37dfefad46b9dd06759d003eb", size = 10416177, upload-time = "2026-04-16T18:46:21.717Z" },
    { url = "https://files.pythonhosted.org/packages/85/71/504d79abfd3d92532ba6bbe3d1c19fada03e494332a59e37c7c2dabae427/ruff-0.15.11-py3-none-manylinux_2_17_i686.manylinux2014_i686.whl", hash = "sha256:f2ab8427e74a00d93b8bda1307b1e60970d40f304af38bccb218e056c220120d", size = 11221886, upload-time = "2026-04-16T18:46:15.086Z" },
    { url = "https://files.pythonhosted.org/packages/43/5a/947e6ab7a5ad603d65b474be15a4cbc6d29832db5d762cd142e4e3a74164/ruff-0.15.11-py3-none-manylinux_2_17_ppc64le.manylinux2014_ppc64le.whl", hash = "sha256:195072c0c8e1fc8f940652073df082e37a5d9cb43b4ab1e4d0566ab8977a13b7", size = 12075183, upload-time = "2026-04-16T18:46:07.944Z" },
    { url = "https://files.pythonhosted.org/packages/9f/a1/0b7bb6268775fdd3a0818aee8efd8f5b4e231d24dd4d528ced2534023182/ruff-0.15.11-py3-none-manylinux_2_17_s390x.manylinux2014_s390x.whl", hash = "sha256:a3a0996d486af3920dec930a2e7daed4847dfc12649b537a9335585ada163e9e", size = 11516575, upload-time = "2026-04-16T18:46:31.687Z" },
    { url = "https://files.pythonhosted.org/packages/30/c3/bb5168fc4d233cc06e95f482770d0f3c87945a0cd9f614b90ea8dc2f2833/ruff-0.15.11-py3-none-manylinux_2_17_x86_64.manylinux2014_x86_64.whl", hash = "sha256:1bef2cb556d509259f1fe440bb9cd33c756222cf0a7afe90d15edf0866702431", size = 11306537, upload-time = "2026-04-16T18:46:36.988Z" },
    { url = "https://files.pythonhosted.org/packages/e4/92/4cfae6441f3967317946f3b788136eecf093729b94d6561f963ed810c82e/ruff-0.15.11-py3-none-manylinux_2_31_riscv64.whl", hash = "sha256:030d921a836d7d4a12cf6e8d984a88b66094ccb0e0f17ddd55067c331191bf19", size = 11296813, upload-time = "2026-04-16T18:46:24.182Z" },
    { url = "https://files.pythonhosted.org/packages/43/26/972784c5dde8313acde8ac71ba8ac65475b85db4a2352a76c9934361f9bc/ruff-0.15.11-py3-none-musllinux_1_2_aarch64.whl", hash = "sha256:0e783b599b4577788dbbb66b9addcef87e9a8832f4ce0c19e34bf55543a2f890", size = 10633136, upload-time = "2026-04-16T18:46:39.802Z" },
    { url = "https://files.pythonhosted.org/packages/5b/53/3985a4f185020c2f367f2e08a103032e12564829742a1b417980ce1514a0/ruff-0.15.11-py3-none-musllinux_1_2_armv7l.whl", hash = "sha256:ae90592246625ba4a34349d68ec28d4400d75182b71baa196ddb9f82db025ef5", size = 10424701, upload-time = "2026-04-16T18:46:10.381Z" },
    { url = "https://files.pythonhosted.org/packages/d3/57/bf0dfb32241b56c83bb663a826133da4bf17f682ba8c096973065f6e6a68/ruff-0.15.11-py3-none-musllinux_1_2_i686.whl", hash = "sha256:1f111d62e3c983ed20e0ca2e800f8d77433a5b1161947df99a5c2a3fb60514f0", size = 10873887, upload-time = "2026-04-16T18:46:29.157Z" },
    { url = "https://files.pythonhosted.org/packages/02/05/e48076b2a57dc33ee8c7a957296f97c744ca891a8ffb4ffb1aaa3b3f517d/ruff-0.15.11-py3-none-musllinux_1_2_x86_64.whl", hash = "sha256:06f483d6646f59eaffba9ae30956370d3a886625f511a3108994000480621d1c", size = 11404316, upload-time = "2026-04-16T18:46:19.462Z" },
    { url = "https://files.pythonhosted.org/packages/88/27/0195d15fe7a897cbcba0904792c4b7c9fdd958456c3a17d2ea6093716a9a/ruff-0.15.11-py3-none-win32.whl", hash = "sha256:476a2aa56b7da0b73a3ee80b6b2f0e19cce544245479adde7baa65466664d5f3", size = 10655535, upload-time = "2026-04-16T18:46:12.47Z" },
    { url = "https://files.pythonhosted.org/packages/3a/5e/c927b325bd4c1d3620211a4b96f47864633199feed60fa936025ab27e090/ruff-0.15.11-py3-none-win_amd64.whl", hash = "sha256:8b6756d88d7e234fb0c98c91511aae3cd519d5e3ed271cae31b20f39cb2a12a3", size = 11779692, upload-time = "2026-04-16T18:46:17.268Z" },
    { url = "https://files.pythonhosted.org/packages/63/b6/aeadee5443e49baa2facd51131159fd6301cc4ccfc1541e4df7b021c37dd/ruff-0.15.11-py3-none-win_arm64.whl", hash = "sha256:063fed18cc1bbe0ee7393957284a6fe8b588c6a406a285af3ee3f46da2391ee4", size = 11032614, upload-time = "2026-04-16T18:46:34.487Z" },
]

[[package]]
name = "sqlparse"
version = "0.5.5"
source = { registry = "https://pypi.org/simple" }
sdist = { url = "https://files.pythonhosted.org/packages/90/76/437d71068094df0726366574cf3432a4ed754217b436eb7429415cf2d480/sqlparse-0.5.5.tar.gz", hash = "sha256:e20d4a9b0b8585fdf63b10d30066c7c94c5d7a7ec47c889a2d83a3caa93ff28e", size = 120815, upload-time = "2025-12-19T07:17:45.073Z" }
wheels = [
    { url = "https://files.pythonhosted.org/packages/49/4b/359f28a903c13438ef59ebeee215fb25da53066db67b305c125f1c6d2a25/sqlparse-0.5.5-py3-none-any.whl", hash = "sha256:12a08b3bf3eec877c519589833aed092e2444e68240a3577e8e26148acc7b1ba", size = 46138, upload-time = "2025-12-19T07:17:46.573Z" },
]

[[package]]
name = "tzdata"
version = "2026.1"
source = { registry = "https://pypi.org/simple" }
sdist = { url = "https://files.pythonhosted.org/packages/19/f5/cd531b2d15a671a40c0f66cf06bc3570a12cd56eef98960068ebbad1bf5a/tzdata-2026.1.tar.gz", hash = "sha256:67658a1903c75917309e753fdc349ac0efd8c27db7a0cb406a25be4840f87f98", size = 197639, upload-time = "2026-04-03T11:25:22.002Z" }
wheels = [
    { url = "https://files.pythonhosted.org/packages/b0/70/d460bd685a170790ec89317e9bd33047988e4bce507b831f5db771e142de/tzdata-2026.1-py2.py3-none-any.whl", hash = "sha256:4b1d2be7ac37ceafd7327b961aa3a54e467efbdb563a23655fbfe0d39cfc42a9", size = 348952, upload-time = "2026-04-03T11:25:20.313Z" },
]

[[package]]
name = "virtualenv"
version = "21.2.4"
source = { registry = "https://pypi.org/simple" }
dependencies = [
    { name = "distlib" },
    { name = "filelock" },
    { name = "platformdirs" },
    { name = "python-discovery" },
]
sdist = { url = "https://files.pythonhosted.org/packages/0c/98/3a7e644e19cb26133488caff231be390579860bbbb3da35913c49a1d0a46/virtualenv-21.2.4.tar.gz", hash = "sha256:b294ef68192638004d72524ce7ef303e9d0cf5a44c95ce2e54a7500a6381cada", size = 5850742, upload-time = "2026-04-14T22:15:31.438Z" }
wheels = [
    { url = "https://files.pythonhosted.org/packages/27/8d/edd0bd910ff803c308ee9a6b7778621af0d10252219ad9f19ef4d4982a61/virtualenv-21.2.4-py3-none-any.whl", hash = "sha256:29d21e941795206138d0f22f4e45ff7050e5da6c6472299fb7103318763861ac", size = 5831232, upload-time = "2026-04-14T22:15:29.342Z" },
]
